// !$*UTF8*$!
{
	archiveVersion = 1;
	classes = {
	};
	objectVersion = 50;
	objects = {

/* Begin PBXBuildFile section */
		D05290FC2151E99E00211C76 /* AppDelegate.m in Sources */ = {isa = PBXBuildFile; fileRef = D05290FB2151E99E00211C76 /* AppDelegate.m */; };
		D05290FF2151E99E00211C76 /* ViewController.m in Sources */ = {isa = PBXBuildFile; fileRef = D05290FE2151E99E00211C76 /* ViewController.m */; };
		D05291022151E99E00211C76 /* Main.storyboard in Resources */ = {isa = PBXBuildFile; fileRef = D05291002151E99E00211C76 /* Main.storyboard */; };
		D05291042151E99F00211C76 /* Assets.xcassets in Resources */ = {isa = PBXBuildFile; fileRef = D05291032151E99F00211C76 /* Assets.xcassets */; };
		D05291072151E99F00211C76 /* LaunchScreen.storyboard in Resources */ = {isa = PBXBuildFile; fileRef = D05291052151E99F00211C76 /* LaunchScreen.storyboard */; };
		D052910A2151E99F00211C76 /* main.m in Sources */ = {isa = PBXBuildFile; fileRef = D05291092151E99F00211C76 /* main.m */; };
		D05291132151E9ED00211C76 /* JRPlayerView.m in Sources */ = {isa = PBXBuildFile; fileRef = D05291122151E9ED00211C76 /* JRPlayerView.m */; };
		D05291172151ED3000211C76 /* JRViewCoordinateMacro.m in Sources */ = {isa = PBXBuildFile; fileRef = D05291162151ED3000211C76 /* JRViewCoordinateMacro.m */; };
		D052911A21520E6100211C76 /* JRPlayerControlView.m in Sources */ = {isa = PBXBuildFile; fileRef = D052911921520E6100211C76 /* JRPlayerControlView.m */; };
		D05291222152333300211C76 /* JRPlayBtn@2x.png in Resources */ = {isa = PBXBuildFile; fileRef = D052911C2152333300211C76 /* JRPlayBtn@2x.png */; };
		D05291232152333300211C76 /* JRRound.png in Resources */ = {isa = PBXBuildFile; fileRef = D052911D2152333300211C76 /* JRRound.png */; };
		D05291242152333300211C76 /* JRMinBtn@2x.png in Resources */ = {isa = PBXBuildFile; fileRef = D052911E2152333300211C76 /* JRMinBtn@2x.png */; };
		D05291252152333300211C76 /* JRPauseBtn@2x.png in Resources */ = {isa = PBXBuildFile; fileRef = D052911F2152333300211C76 /* JRPauseBtn@2x.png */; };
		D05291262152333300211C76 /* JRBackBtn@2x.png in Resources */ = {isa = PBXBuildFile; fileRef = D05291202152333300211C76 /* JRBackBtn@2x.png */; };
		D05291272152333300211C76 /* JRMaxBtn@2x.png in Resources */ = {isa = PBXBuildFile; fileRef = D05291212152333300211C76 /* JRMaxBtn@2x.png */; };
		D05291ED2154B71100211C76 /* TableViewController.m in Sources */ = {isa = PBXBuildFile; fileRef = D05291EC2154B71100211C76 /* TableViewController.m */; };
		D05291F02154BF3400211C76 /* TableViewCell.m in Sources */ = {isa = PBXBuildFile; fileRef = D05291EF2154BF3400211C76 /* TableViewCell.m */; };
		D0672764215F92220052575E /* nav_back_normal@2x.png in Resources */ = {isa = PBXBuildFile; fileRef = D067272C215F92220052575E /* nav_back_normal@2x.png */; };
		D0672765215F92220052575E /* login_delet_tap@3x.png in Resources */ = {isa = PBXBuildFile; fileRef = D067272D215F92220052575E /* login_delet_tap@3x.png */; };
		D0672766215F92220052575E /* login_forget_success@3x.png in Resources */ = {isa = PBXBuildFile; fileRef = D067272E215F92220052575E /* login_forget_success@3x.png */; };
		D0672767215F92220052575E /* login_delet_tap@2x.png in Resources */ = {isa = PBXBuildFile; fileRef = D067272F215F92220052575E /* login_delet_tap@2x.png */; };
		D0672768215F92220052575E /* login_forget_success@2x.png in Resources */ = {isa = PBXBuildFile; fileRef = D0672730215F92220052575E /* login_forget_success@2x.png */; };
		D0672769215F92220052575E /* nav_back_normal@3x.png in Resources */ = {isa = PBXBuildFile; fileRef = D0672731215F92220052575E /* nav_back_normal@3x.png */; };
		D067276A215F92220052575E /* nav_back_tap@2x.png in Resources */ = {isa = PBXBuildFile; fileRef = D0672732215F92220052575E /* nav_back_tap@2x.png */; };
		D067276B215F92220052575E /* nav_back_tap@3x.png in Resources */ = {isa = PBXBuildFile; fileRef = D0672733215F92220052575E /* nav_back_tap@3x.png */; };
		D067276C215F92220052575E /* login_password@3x.png in Resources */ = {isa = PBXBuildFile; fileRef = D0672734215F92220052575E /* login_password@3x.png */; };
		D067276D215F92220052575E /* login_user@2x.png in Resources */ = {isa = PBXBuildFile; fileRef = D0672735215F92220052575E /* login_user@2x.png */; };
		D067276E215F92220052575E /* login_Verification@2x.png in Resources */ = {isa = PBXBuildFile; fileRef = D0672736215F92220052575E /* login_Verification@2x.png */; };
		D067276F215F92220052575E /* toast_warning@2x.png in Resources */ = {isa = PBXBuildFile; fileRef = D0672737215F92220052575E /* toast_warning@2x.png */; };
		D0672770215F92220052575E /* toast_warning@3x.png in Resources */ = {isa = PBXBuildFile; fileRef = D0672738215F92220052575E /* toast_warning@3x.png */; };
		D0672771215F92220052575E /* login_Verification@3x.png in Resources */ = {isa = PBXBuildFile; fileRef = D0672739215F92220052575E /* login_Verification@3x.png */; };
		D0672772215F92220052575E /* login_user@3x.png in Resources */ = {isa = PBXBuildFile; fileRef = D067273A215F92220052575E /* login_user@3x.png */; };
		D0672773215F92220052575E /* login_password@2x.png in Resources */ = {isa = PBXBuildFile; fileRef = D067273B215F92220052575E /* login_password@2x.png */; };
		D0672774215F92220052575E /* login_logo@2x.png in Resources */ = {isa = PBXBuildFile; fileRef = D067273C215F92220052575E /* login_logo@2x.png */; };
		D0672775215F92220052575E /* toast_right@3x.png in Resources */ = {isa = PBXBuildFile; fileRef = D067273D215F92220052575E /* toast_right@3x.png */; };
		D0672776215F92220052575E /* toast_loading@2x.png in Resources */ = {isa = PBXBuildFile; fileRef = D067273E215F92220052575E /* toast_loading@2x.png */; };
		D0672777215F92220052575E /* toast_wrong@2x.png in Resources */ = {isa = PBXBuildFile; fileRef = D067273F215F92220052575E /* toast_wrong@2x.png */; };
		D0672778215F92220052575E /* login_delet@3x.png in Resources */ = {isa = PBXBuildFile; fileRef = D0672740215F92220052575E /* login_delet@3x.png */; };
		D0672779215F92220052575E /* btn_icon_loding@2x.png in Resources */ = {isa = PBXBuildFile; fileRef = D0672741215F92220052575E /* btn_icon_loding@2x.png */; };
		D067277A215F92220052575E /* btn_icon_loding@3x.png in Resources */ = {isa = PBXBuildFile; fileRef = D0672742215F92220052575E /* btn_icon_loding@3x.png */; };
		D067277B215F92220052575E /* login_delet@2x.png in Resources */ = {isa = PBXBuildFile; fileRef = D0672743215F92220052575E /* login_delet@2x.png */; };
		D067277C215F92220052575E /* toast_wrong@3x.png in Resources */ = {isa = PBXBuildFile; fileRef = D0672744215F92220052575E /* toast_wrong@3x.png */; };
		D067277D215F92220052575E /* toast_loading@3x.png in Resources */ = {isa = PBXBuildFile; fileRef = D0672745215F92220052575E /* toast_loading@3x.png */; };
		D067277E215F92220052575E /* toast_right@2x.png in Resources */ = {isa = PBXBuildFile; fileRef = D0672746215F92220052575E /* toast_right@2x.png */; };
		D067277F215F92220052575E /* login_logo@3x.png in Resources */ = {isa = PBXBuildFile; fileRef = D0672747215F92220052575E /* login_logo@3x.png */; };
		D0672780215F92220052575E /* login_iPad控件_spec.png in Resources */ = {isa = PBXBuildFile; fileRef = D0672749215F92220052575E /* login_iPad控件_spec.png */; };
		D0672781215F92220052575E /* login_toast_spec.png in Resources */ = {isa = PBXBuildFile; fileRef = D067274A215F92220052575E /* login_toast_spec.png */; };
		D0672782215F92220052575E /* login_keyboard1_spec.png in Resources */ = {isa = PBXBuildFile; fileRef = D067274B215F92220052575E /* login_keyboard1_spec.png */; };
		D0672783215F92220052575E /* login_toast_locationg_spec.png in Resources */ = {isa = PBXBuildFile; fileRef = D067274C215F92220052575E /* login_toast_locationg_spec.png */; };
		D0672784215F92220052575E /* login_password_spec.png in Resources */ = {isa = PBXBuildFile; fileRef = D067274D215F92220052575E /* login_password_spec.png */; };
		D0672785215F92220052575E /* call_spec.png in Resources */ = {isa = PBXBuildFile; fileRef = D067274E215F92220052575E /* call_spec.png */; };
		D0672786215F92220052575E /* login_keyboard2_spec.png in Resources */ = {isa = PBXBuildFile; fileRef = D067274F215F92220052575E /* login_keyboard2_spec.png */; };
		D0672787215F92220052575E /* login_forget1_spec.png in Resources */ = {isa = PBXBuildFile; fileRef = D0672750215F92220052575E /* login_forget1_spec.png */; };
		D0672788215F92220052575E /* login_keyboard2.png in Resources */ = {isa = PBXBuildFile; fileRef = D0672752215F92220052575E /* login_keyboard2.png */; };
		D0672789215F92220052575E /* login_keyboard1.png in Resources */ = {isa = PBXBuildFile; fileRef = D0672753215F92220052575E /* login_keyboard1.png */; };
		D067278A215F92220052575E /* login_toast.png in Resources */ = {isa = PBXBuildFile; fileRef = D0672754215F92220052575E /* login_toast.png */; };
		D067278B215F92220052575E /* login_password.png in Resources */ = {isa = PBXBuildFile; fileRef = D0672755215F92220052575E /* login_password.png */; };
		D067278C215F92220052575E /* login_iPad控件.png in Resources */ = {isa = PBXBuildFile; fileRef = D0672756215F92220052575E /* login_iPad控件.png */; };
		D067278D215F92220052575E /* login_message.png in Resources */ = {isa = PBXBuildFile; fileRef = D0672757215F92220052575E /* login_message.png */; };
		D067278E215F92220052575E /* call.png in Resources */ = {isa = PBXBuildFile; fileRef = D0672758215F92220052575E /* call.png */; };
		D067278F215F92220052575E /* login_forget1.png in Resources */ = {isa = PBXBuildFile; fileRef = D0672759215F92220052575E /* login_forget1.png */; };
		D0672790215F92220052575E /* login_toast_locationg.png in Resources */ = {isa = PBXBuildFile; fileRef = D067275A215F92220052575E /* login_toast_locationg.png */; };
		D0672791215F92220052575E /* login_forget2.png in Resources */ = {isa = PBXBuildFile; fileRef = D067275B215F92220052575E /* login_forget2.png */; };
		D0672792215F92220052575E /* login_forget3.png in Resources */ = {isa = PBXBuildFile; fileRef = D067275C215F92220052575E /* login_forget3.png */; };
		D0672793215F92220052575E /* login_keyboard2.png in Resources */ = {isa = PBXBuildFile; fileRef = D067275E215F92220052575E /* login_keyboard2.png */; };
		D0672794215F92220052575E /* login_iPad控件.png in Resources */ = {isa = PBXBuildFile; fileRef = D067275F215F92220052575E /* login_iPad控件.png */; };
		D0672795215F92220052575E /* call.png in Resources */ = {isa = PBXBuildFile; fileRef = D0672760215F92220052575E /* call.png */; };
		D0672796215F92220052575E /* login_forget1.png in Resources */ = {isa = PBXBuildFile; fileRef = D0672761215F92220052575E /* login_forget1.png */; };
		D0672797215F92220052575E /* login_forget2.png in Resources */ = {isa = PBXBuildFile; fileRef = D0672762215F92220052575E /* login_forget2.png */; };
		D0672798215F92220052575E /* login_forget3.png in Resources */ = {isa = PBXBuildFile; fileRef = D0672763215F92220052575E /* login_forget3.png */; };
		FACFA66DF78EB54803BF7C78 /* Pods_JRPlayer.framework in Frameworks */ = {isa = PBXBuildFile; fileRef = 2D557A3960629500C2075FAA /* Pods_JRPlayer.framework */; };
/* End PBXBuildFile section */

/* Begin PBXFileReference section */
		23C6096FB2DE92AB2C4E078E /* Pods-JRPlayer.debug.xcconfig */ = {isa = PBXFileReference; includeInIndex = 1; lastKnownFileType = text.xcconfig; name = "Pods-JRPlayer.debug.xcconfig"; path = "Pods/Target Support Files/Pods-JRPlayer/Pods-JRPlayer.debug.xcconfig"; sourceTree = "<group>"; };
		2D557A3960629500C2075FAA /* Pods_JRPlayer.framework */ = {isa = PBXFileReference; explicitFileType = wrapper.framework; includeInIndex = 0; path = Pods_JRPlayer.framework; sourceTree = BUILT_PRODUCTS_DIR; };
		7D2DF38053BA7475F1C253E8 /* Pods-JRPlayer.release.xcconfig */ = {isa = PBXFileReference; includeInIndex = 1; lastKnownFileType = text.xcconfig; name = "Pods-JRPlayer.release.xcconfig"; path = "Pods/Target Support Files/Pods-JRPlayer/Pods-JRPlayer.release.xcconfig"; sourceTree = "<group>"; };
		D05290F72151E99E00211C76 /* JRPlayer.app */ = {isa = PBXFileReference; explicitFileType = wrapper.application; includeInIndex = 0; path = JRPlayer.app; sourceTree = BUILT_PRODUCTS_DIR; };
		D05290FA2151E99E00211C76 /* AppDelegate.h */ = {isa = PBXFileReference; lastKnownFileType = sourcecode.c.h; path = AppDelegate.h; sourceTree = "<group>"; };
		D05290FB2151E99E00211C76 /* AppDelegate.m */ = {isa = PBXFileReference; lastKnownFileType = sourcecode.c.objc; path = AppDelegate.m; sourceTree = "<group>"; };
		D05290FD2151E99E00211C76 /* ViewController.h */ = {isa = PBXFileReference; lastKnownFileType = sourcecode.c.h; path = ViewController.h; sourceTree = "<group>"; };
		D05290FE2151E99E00211C76 /* ViewController.m */ = {isa = PBXFileReference; lastKnownFileType = sourcecode.c.objc; path = ViewController.m; sourceTree = "<group>"; };
		D05291012151E99E00211C76 /* Base */ = {isa = PBXFileReference; lastKnownFileType = file.storyboard; name = Base; path = Base.lproj/Main.storyboard; sourceTree = "<group>"; };
		D05291032151E99F00211C76 /* Assets.xcassets */ = {isa = PBXFileReference; lastKnownFileType = folder.assetcatalog; path = Assets.xcassets; sourceTree = "<group>"; };
		D05291062151E99F00211C76 /* Base */ = {isa = PBXFileReference; lastKnownFileType = file.storyboard; name = Base; path = Base.lproj/LaunchScreen.storyboard; sourceTree = "<group>"; };
		D05291082151E99F00211C76 /* Info.plist */ = {isa = PBXFileReference; lastKnownFileType = text.plist.xml; path = Info.plist; sourceTree = "<group>"; };
		D05291092151E99F00211C76 /* main.m */ = {isa = PBXFileReference; lastKnownFileType = sourcecode.c.objc; path = main.m; sourceTree = "<group>"; };
		D05291112151E9ED00211C76 /* JRPlayerView.h */ = {isa = PBXFileReference; fileEncoding = 4; lastKnownFileType = sourcecode.c.h; path = JRPlayerView.h; sourceTree = "<group>"; };
		D05291122151E9ED00211C76 /* JRPlayerView.m */ = {isa = PBXFileReference; fileEncoding = 4; lastKnownFileType = sourcecode.c.objc; path = JRPlayerView.m; sourceTree = "<group>"; };
		D05291152151ED3000211C76 /* JRViewCoordinateMacro.h */ = {isa = PBXFileReference; fileEncoding = 4; lastKnownFileType = sourcecode.c.h; path = JRViewCoordinateMacro.h; sourceTree = "<group>"; };
		D05291162151ED3000211C76 /* JRViewCoordinateMacro.m */ = {isa = PBXFileReference; fileEncoding = 4; lastKnownFileType = sourcecode.c.objc; path = JRViewCoordinateMacro.m; sourceTree = "<group>"; };
		D052911821520E6100211C76 /* JRPlayerControlView.h */ = {isa = PBXFileReference; lastKnownFileType = sourcecode.c.h; path = JRPlayerControlView.h; sourceTree = "<group>"; };
		D052911921520E6100211C76 /* JRPlayerControlView.m */ = {isa = PBXFileReference; lastKnownFileType = sourcecode.c.objc; path = JRPlayerControlView.m; sourceTree = "<group>"; };
		D052911C2152333300211C76 /* JRPlayBtn@2x.png */ = {isa = PBXFileReference; lastKnownFileType = image.png; path = "JRPlayBtn@2x.png"; sourceTree = "<group>"; };
		D052911D2152333300211C76 /* JRRound.png */ = {isa = PBXFileReference; lastKnownFileType = image.png; path = JRRound.png; sourceTree = "<group>"; };
		D052911E2152333300211C76 /* JRMinBtn@2x.png */ = {isa = PBXFileReference; lastKnownFileType = image.png; path = "JRMinBtn@2x.png"; sourceTree = "<group>"; };
		D052911F2152333300211C76 /* JRPauseBtn@2x.png */ = {isa = PBXFileReference; lastKnownFileType = image.png; path = "JRPauseBtn@2x.png"; sourceTree = "<group>"; };
		D05291202152333300211C76 /* JRBackBtn@2x.png */ = {isa = PBXFileReference; lastKnownFileType = image.png; path = "JRBackBtn@2x.png"; sourceTree = "<group>"; };
		D05291212152333300211C76 /* JRMaxBtn@2x.png */ = {isa = PBXFileReference; lastKnownFileType = image.png; path = "JRMaxBtn@2x.png"; sourceTree = "<group>"; };
		D05291EB2154B71100211C76 /* TableViewController.h */ = {isa = PBXFileReference; lastKnownFileType = sourcecode.c.h; path = TableViewController.h; sourceTree = "<group>"; };
		D05291EC2154B71100211C76 /* TableViewController.m */ = {isa = PBXFileReference; lastKnownFileType = sourcecode.c.objc; path = TableViewController.m; sourceTree = "<group>"; };
		D05291EE2154BF3400211C76 /* TableViewCell.h */ = {isa = PBXFileReference; lastKnownFileType = sourcecode.c.h; path = TableViewCell.h; sourceTree = "<group>"; };
		D05291EF2154BF3400211C76 /* TableViewCell.m */ = {isa = PBXFileReference; lastKnownFileType = sourcecode.c.objc; path = TableViewCell.m; sourceTree = "<group>"; };
		D067272C215F92220052575E /* nav_back_normal@2x.png */ = {isa = PBXFileReference; lastKnownFileType = image.png; path = "nav_back_normal@2x.png"; sourceTree = "<group>"; };
		D067272D215F92220052575E /* login_delet_tap@3x.png */ = {isa = PBXFileReference; lastKnownFileType = image.png; path = "login_delet_tap@3x.png"; sourceTree = "<group>"; };
		D067272E215F92220052575E /* login_forget_success@3x.png */ = {isa = PBXFileReference; lastKnownFileType = image.png; path = "login_forget_success@3x.png"; sourceTree = "<group>"; };
		D067272F215F92220052575E /* login_delet_tap@2x.png */ = {isa = PBXFileReference; lastKnownFileType = image.png; path = "login_delet_tap@2x.png"; sourceTree = "<group>"; };
		D0672730215F92220052575E /* login_forget_success@2x.png */ = {isa = PBXFileReference; lastKnownFileType = image.png; path = "login_forget_success@2x.png"; sourceTree = "<group>"; };
		D0672731215F92220052575E /* nav_back_normal@3x.png */ = {isa = PBXFileReference; lastKnownFileType = image.png; path = "nav_back_normal@3x.png"; sourceTree = "<group>"; };
		D0672732215F92220052575E /* nav_back_tap@2x.png */ = {isa = PBXFileReference; lastKnownFileType = image.png; path = "nav_back_tap@2x.png"; sourceTree = "<group>"; };
		D0672733215F92220052575E /* nav_back_tap@3x.png */ = {isa = PBXFileReference; lastKnownFileType = image.png; path = "nav_back_tap@3x.png"; sourceTree = "<group>"; };
		D0672734215F92220052575E /* login_password@3x.png */ = {isa = PBXFileReference; lastKnownFileType = image.png; path = "login_password@3x.png"; sourceTree = "<group>"; };
		D0672735215F92220052575E /* login_user@2x.png */ = {isa = PBXFileReference; lastKnownFileType = image.png; path = "login_user@2x.png"; sourceTree = "<group>"; };
		D0672736215F92220052575E /* login_Verification@2x.png */ = {isa = PBXFileReference; lastKnownFileType = image.png; path = "login_Verification@2x.png"; sourceTree = "<group>"; };
		D0672737215F92220052575E /* toast_warning@2x.png */ = {isa = PBXFileReference; lastKnownFileType = image.png; path = "toast_warning@2x.png"; sourceTree = "<group>"; };
		D0672738215F92220052575E /* toast_warning@3x.png */ = {isa = PBXFileReference; lastKnownFileType = image.png; path = "toast_warning@3x.png"; sourceTree = "<group>"; };
		D0672739215F92220052575E /* login_Verification@3x.png */ = {isa = PBXFileReference; lastKnownFileType = image.png; path = "login_Verification@3x.png"; sourceTree = "<group>"; };
		D067273A215F92220052575E /* login_user@3x.png */ = {isa = PBXFileReference; lastKnownFileType = image.png; path = "login_user@3x.png"; sourceTree = "<group>"; };
		D067273B215F92220052575E /* login_password@2x.png */ = {isa = PBXFileReference; lastKnownFileType = image.png; path = "login_password@2x.png"; sourceTree = "<group>"; };
		D067273C215F92220052575E /* login_logo@2x.png */ = {isa = PBXFileReference; lastKnownFileType = image.png; path = "login_logo@2x.png"; sourceTree = "<group>"; };
		D067273D215F92220052575E /* toast_right@3x.png */ = {isa = PBXFileReference; lastKnownFileType = image.png; path = "toast_right@3x.png"; sourceTree = "<group>"; };
		D067273E215F92220052575E /* toast_loading@2x.png */ = {isa = PBXFileReference; lastKnownFileType = image.png; path = "toast_loading@2x.png"; sourceTree = "<group>"; };
		D067273F215F92220052575E /* toast_wrong@2x.png */ = {isa = PBXFileReference; lastKnownFileType = image.png; path = "toast_wrong@2x.png"; sourceTree = "<group>"; };
		D0672740215F92220052575E /* login_delet@3x.png */ = {isa = PBXFileReference; lastKnownFileType = image.png; path = "login_delet@3x.png"; sourceTree = "<group>"; };
		D0672741215F92220052575E /* btn_icon_loding@2x.png */ = {isa = PBXFileReference; lastKnownFileType = image.png; path = "btn_icon_loding@2x.png"; sourceTree = "<group>"; };
		D0672742215F92220052575E /* btn_icon_loding@3x.png */ = {isa = PBXFileReference; lastKnownFileType = image.png; path = "btn_icon_loding@3x.png"; sourceTree = "<group>"; };
		D0672743215F92220052575E /* login_delet@2x.png */ = {isa = PBXFileReference; lastKnownFileType = image.png; path = "login_delet@2x.png"; sourceTree = "<group>"; };
		D0672744215F92220052575E /* toast_wrong@3x.png */ = {isa = PBXFileReference; lastKnownFileType = image.png; path = "toast_wrong@3x.png"; sourceTree = "<group>"; };
		D0672745215F92220052575E /* toast_loading@3x.png */ = {isa = PBXFileReference; lastKnownFileType = image.png; path = "toast_loading@3x.png"; sourceTree = "<group>"; };
		D0672746215F92220052575E /* toast_right@2x.png */ = {isa = PBXFileReference; lastKnownFileType = image.png; path = "toast_right@2x.png"; sourceTree = "<group>"; };
		D0672747215F92220052575E /* login_logo@3x.png */ = {isa = PBXFileReference; lastKnownFileType = image.png; path = "login_logo@3x.png"; sourceTree = "<group>"; };
		D0672749215F92220052575E /* login_iPad控件_spec.png */ = {isa = PBXFileReference; lastKnownFileType = image.png; path = "login_iPad控件_spec.png"; sourceTree = "<group>"; };
		D067274A215F92220052575E /* login_toast_spec.png */ = {isa = PBXFileReference; lastKnownFileType = image.png; path = login_toast_spec.png; sourceTree = "<group>"; };
		D067274B215F92220052575E /* login_keyboard1_spec.png */ = {isa = PBXFileReference; lastKnownFileType = image.png; path = login_keyboard1_spec.png; sourceTree = "<group>"; };
		D067274C215F92220052575E /* login_toast_locationg_spec.png */ = {isa = PBXFileReference; lastKnownFileType = image.png; path = login_toast_locationg_spec.png; sourceTree = "<group>"; };
		D067274D215F92220052575E /* login_password_spec.png */ = {isa = PBXFileReference; lastKnownFileType = image.png; path = login_password_spec.png; sourceTree = "<group>"; };
		D067274E215F92220052575E /* call_spec.png */ = {isa = PBXFileReference; lastKnownFileType = image.png; path = call_spec.png; sourceTree = "<group>"; };
		D067274F215F92220052575E /* login_keyboard2_spec.png */ = {isa = PBXFileReference; lastKnownFileType = image.png; path = login_keyboard2_spec.png; sourceTree = "<group>"; };
		D0672750215F92220052575E /* login_forget1_spec.png */ = {isa = PBXFileReference; lastKnownFileType = image.png; path = login_forget1_spec.png; sourceTree = "<group>"; };
		D0672752215F92220052575E /* login_keyboard2.png */ = {isa = PBXFileReference; lastKnownFileType = image.png; path = login_keyboard2.png; sourceTree = "<group>"; };
		D0672753215F92220052575E /* login_keyboard1.png */ = {isa = PBXFileReference; lastKnownFileType = image.png; path = login_keyboard1.png; sourceTree = "<group>"; };
		D0672754215F92220052575E /* login_toast.png */ = {isa = PBXFileReference; lastKnownFileType = image.png; path = login_toast.png; sourceTree = "<group>"; };
		D0672755215F92220052575E /* login_password.png */ = {isa = PBXFileReference; lastKnownFileType = image.png; path = login_password.png; sourceTree = "<group>"; };
		D0672756215F92220052575E /* login_iPad控件.png */ = {isa = PBXFileReference; lastKnownFileType = image.png; path = "login_iPad控件.png"; sourceTree = "<group>"; };
		D0672757215F92220052575E /* login_message.png */ = {isa = PBXFileReference; lastKnownFileType = image.png; path = login_message.png; sourceTree = "<group>"; };
		D0672758215F92220052575E /* call.png */ = {isa = PBXFileReference; lastKnownFileType = image.png; path = call.png; sourceTree = "<group>"; };
		D0672759215F92220052575E /* login_forget1.png */ = {isa = PBXFileReference; lastKnownFileType = image.png; path = login_forget1.png; sourceTree = "<group>"; };
		D067275A215F92220052575E /* login_toast_locationg.png */ = {isa = PBXFileReference; lastKnownFileType = image.png; path = login_toast_locationg.png; sourceTree = "<group>"; };
		D067275B215F92220052575E /* login_forget2.png */ = {isa = PBXFileReference; lastKnownFileType = image.png; path = login_forget2.png; sourceTree = "<group>"; };
		D067275C215F92220052575E /* login_forget3.png */ = {isa = PBXFileReference; lastKnownFileType = image.png; path = login_forget3.png; sourceTree = "<group>"; };
		D067275E215F92220052575E /* login_keyboard2.png */ = {isa = PBXFileReference; lastKnownFileType = image.png; path = login_keyboard2.png; sourceTree = "<group>"; };
		D067275F215F92220052575E /* login_iPad控件.png */ = {isa = PBXFileReference; lastKnownFileType = image.png; path = "login_iPad控件.png"; sourceTree = "<group>"; };
		D0672760215F92220052575E /* call.png */ = {isa = PBXFileReference; lastKnownFileType = image.png; path = call.png; sourceTree = "<group>"; };
		D0672761215F92220052575E /* login_forget1.png */ = {isa = PBXFileReference; lastKnownFileType = image.png; path = login_forget1.png; sourceTree = "<group>"; };
		D0672762215F92220052575E /* login_forget2.png */ = {isa = PBXFileReference; lastKnownFileType = image.png; path = login_forget2.png; sourceTree = "<group>"; };
		D0672763215F92220052575E /* login_forget3.png */ = {isa = PBXFileReference; lastKnownFileType = image.png; path = login_forget3.png; sourceTree = "<group>"; };
/* End PBXFileReference section */

/* Begin PBXFrameworksBuildPhase section */
		D05290F42151E99E00211C76 /* Frameworks */ = {
			isa = PBXFrameworksBuildPhase;
			buildActionMask = 2147483647;
			files = (
				FACFA66DF78EB54803BF7C78 /* Pods_JRPlayer.framework in Frameworks */,
			);
			runOnlyForDeploymentPostprocessing = 0;
		};
/* End PBXFrameworksBuildPhase section */

/* Begin PBXGroup section */
		51E29C4B11AA199A87AD4ACF /* Pods */ = {
			isa = PBXGroup;
			children = (
				23C6096FB2DE92AB2C4E078E /* Pods-JRPlayer.debug.xcconfig */,
				7D2DF38053BA7475F1C253E8 /* Pods-JRPlayer.release.xcconfig */,
			);
			name = Pods;
			sourceTree = "<group>";
		};
		98F41CC0174415BE999B9D59 /* Frameworks */ = {
			isa = PBXGroup;
			children = (
				2D557A3960629500C2075FAA /* Pods_JRPlayer.framework */,
			);
			name = Frameworks;
			sourceTree = "<group>";
		};
		D05290EE2151E99E00211C76 = {
			isa = PBXGroup;
			children = (
				D052911B2152320C00211C76 /* Resource */,
				D05291142151ED3000211C76 /* ViewCoordinateMacro */,
				D05291102151E9ED00211C76 /* JRPlayerView */,
				D05290F92151E99E00211C76 /* JRPlayer */,
				D05290F82151E99E00211C76 /* Products */,
				51E29C4B11AA199A87AD4ACF /* Pods */,
				98F41CC0174415BE999B9D59 /* Frameworks */,
			);
			sourceTree = "<group>";
		};
		D05290F82151E99E00211C76 /* Products */ = {
			isa = PBXGroup;
			children = (
				D05290F72151E99E00211C76 /* JRPlayer.app */,
			);
			name = Products;
			sourceTree = "<group>";
		};
		D05290F92151E99E00211C76 /* JRPlayer */ = {
			isa = PBXGroup;
			children = (
				D05290FA2151E99E00211C76 /* AppDelegate.h */,
				D05290FB2151E99E00211C76 /* AppDelegate.m */,
				D05290FD2151E99E00211C76 /* ViewController.h */,
				D05290FE2151E99E00211C76 /* ViewController.m */,
				D05291002151E99E00211C76 /* Main.storyboard */,
				D05291032151E99F00211C76 /* Assets.xcassets */,
				D05291052151E99F00211C76 /* LaunchScreen.storyboard */,
				D05291082151E99F00211C76 /* Info.plist */,
				D05291092151E99F00211C76 /* main.m */,
				D05291EB2154B71100211C76 /* TableViewController.h */,
				D05291EC2154B71100211C76 /* TableViewController.m */,
				D05291EE2154BF3400211C76 /* TableViewCell.h */,
				D05291EF2154BF3400211C76 /* TableViewCell.m */,
			);
			path = JRPlayer;
			sourceTree = "<group>";
		};
		D05291102151E9ED00211C76 /* JRPlayerView */ = {
			isa = PBXGroup;
			children = (
				D05291112151E9ED00211C76 /* JRPlayerView.h */,
				D05291122151E9ED00211C76 /* JRPlayerView.m */,
				D052911821520E6100211C76 /* JRPlayerControlView.h */,
				D052911921520E6100211C76 /* JRPlayerControlView.m */,
			);
			path = JRPlayerView;
			sourceTree = "<group>";
		};
		D05291142151ED3000211C76 /* ViewCoordinateMacro */ = {
			isa = PBXGroup;
			children = (
				D05291152151ED3000211C76 /* JRViewCoordinateMacro.h */,
				D05291162151ED3000211C76 /* JRViewCoordinateMacro.m */,
			);
			path = ViewCoordinateMacro;
			sourceTree = "<group>";
		};
		D052911B2152320C00211C76 /* Resource */ = {
			isa = PBXGroup;
			children = (
				D0672729215F92220052575E /* Pic */,
				D05291202152333300211C76 /* JRBackBtn@2x.png */,
				D05291212152333300211C76 /* JRMaxBtn@2x.png */,
				D052911E2152333300211C76 /* JRMinBtn@2x.png */,
				D052911F2152333300211C76 /* JRPauseBtn@2x.png */,
				D052911C2152333300211C76 /* JRPlayBtn@2x.png */,
				D052911D2152333300211C76 /* JRRound.png */,
			);
			path = Resource;
			sourceTree = "<group>";
		};
		D0672729215F92220052575E /* Pic */ = {
			isa = PBXGroup;
			children = (
				D067272A215F92220052575E /* ipad1.0_login */,
				D067275D215F92220052575E /* forget */,
			);
			path = Pic;
			sourceTree = "<group>";
		};
		D067272A215F92220052575E /* ipad1.0_login */ = {
			isa = PBXGroup;
			children = (
				D067272B215F92220052575E /* login_images_icon */,
				D0672748215F92220052575E /* login_标注 */,
				D0672751215F92220052575E /* login_png */,
			);
			path = ipad1.0_login;
			sourceTree = "<group>";
		};
		D067272B215F92220052575E /* login_images_icon */ = {
			isa = PBXGroup;
			children = (
				D067272C215F92220052575E /* nav_back_normal@2x.png */,
				D067272D215F92220052575E /* login_delet_tap@3x.png */,
				D067272E215F92220052575E /* login_forget_success@3x.png */,
				D067272F215F92220052575E /* login_delet_tap@2x.png */,
				D0672730215F92220052575E /* login_forget_success@2x.png */,
				D0672731215F92220052575E /* nav_back_normal@3x.png */,
				D0672732215F92220052575E /* nav_back_tap@2x.png */,
				D0672733215F92220052575E /* nav_back_tap@3x.png */,
				D0672734215F92220052575E /* login_password@3x.png */,
				D0672735215F92220052575E /* login_user@2x.png */,
				D0672736215F92220052575E /* login_Verification@2x.png */,
				D0672737215F92220052575E /* toast_warning@2x.png */,
				D0672738215F92220052575E /* toast_warning@3x.png */,
				D0672739215F92220052575E /* login_Verification@3x.png */,
				D067273A215F92220052575E /* login_user@3x.png */,
				D067273B215F92220052575E /* login_password@2x.png */,
				D067273C215F92220052575E /* login_logo@2x.png */,
				D067273D215F92220052575E /* toast_right@3x.png */,
				D067273E215F92220052575E /* toast_loading@2x.png */,
				D067273F215F92220052575E /* toast_wrong@2x.png */,
				D0672740215F92220052575E /* login_delet@3x.png */,
				D0672741215F92220052575E /* btn_icon_loding@2x.png */,
				D0672742215F92220052575E /* btn_icon_loding@3x.png */,
				D0672743215F92220052575E /* login_delet@2x.png */,
				D0672744215F92220052575E /* toast_wrong@3x.png */,
				D0672745215F92220052575E /* toast_loading@3x.png */,
				D0672746215F92220052575E /* toast_right@2x.png */,
				D0672747215F92220052575E /* login_logo@3x.png */,
			);
			path = login_images_icon;
			sourceTree = "<group>";
		};
		D0672748215F92220052575E /* login_标注 */ = {
			isa = PBXGroup;
			children = (
				D0672749215F92220052575E /* login_iPad控件_spec.png */,
				D067274A215F92220052575E /* login_toast_spec.png */,
				D067274B215F92220052575E /* login_keyboard1_spec.png */,
				D067274C215F92220052575E /* login_toast_locationg_spec.png */,
				D067274D215F92220052575E /* login_password_spec.png */,
				D067274E215F92220052575E /* call_spec.png */,
				D067274F215F92220052575E /* login_keyboard2_spec.png */,
				D0672750215F92220052575E /* login_forget1_spec.png */,
			);
			path = "login_标注";
			sourceTree = "<group>";
		};
		D0672751215F92220052575E /* login_png */ = {
			isa = PBXGroup;
			children = (
				D0672752215F92220052575E /* login_keyboard2.png */,
				D0672753215F92220052575E /* login_keyboard1.png */,
				D0672754215F92220052575E /* login_toast.png */,
				D0672755215F92220052575E /* login_password.png */,
				D0672756215F92220052575E /* login_iPad控件.png */,
				D0672757215F92220052575E /* login_message.png */,
				D0672758215F92220052575E /* call.png */,
				D0672759215F92220052575E /* login_forget1.png */,
				D067275A215F92220052575E /* login_toast_locationg.png */,
				D067275B215F92220052575E /* login_forget2.png */,
				D067275C215F92220052575E /* login_forget3.png */,
			);
			path = login_png;
			sourceTree = "<group>";
		};
		D067275D215F92220052575E /* forget */ = {
			isa = PBXGroup;
			children = (
				D067275E215F92220052575E /* login_keyboard2.png */,
				D067275F215F92220052575E /* login_iPad控件.png */,
				D0672760215F92220052575E /* call.png */,
				D0672761215F92220052575E /* login_forget1.png */,
				D0672762215F92220052575E /* login_forget2.png */,
				D0672763215F92220052575E /* login_forget3.png */,
			);
			path = forget;
			sourceTree = "<group>";
		};
/* End PBXGroup section */

/* Begin PBXNativeTarget section */
		D05290F62151E99E00211C76 /* JRPlayer */ = {
			isa = PBXNativeTarget;
			buildConfigurationList = D052910D2151E99F00211C76 /* Build configuration list for PBXNativeTarget "JRPlayer" */;
			buildPhases = (
				8F0E0EC1F6DE98A5C5266E11 /* [CP] Check Pods Manifest.lock */,
				D05290F32151E99E00211C76 /* Sources */,
				D05290F42151E99E00211C76 /* Frameworks */,
				D05290F52151E99E00211C76 /* Resources */,
				093A3FE2E729F2EACB5AB92A /* [CP] Embed Pods Frameworks */,
			);
			buildRules = (
			);
			dependencies = (
			);
			name = JRPlayer;
			productName = JRPlayer;
			productReference = D05290F72151E99E00211C76 /* JRPlayer.app */;
			productType = "com.apple.product-type.application";
		};
/* End PBXNativeTarget section */

/* Begin PBXProject section */
		D05290EF2151E99E00211C76 /* Project object */ = {
			isa = PBXProject;
			attributes = {
				LastUpgradeCheck = 0940;
				ORGANIZATIONNAME = onesmart;
				TargetAttributes = {
					D05290F62151E99E00211C76 = {
						CreatedOnToolsVersion = 9.4.1;
					};
				};
			};
			buildConfigurationList = D05290F22151E99E00211C76 /* Build configuration list for PBXProject "JRPlayer" */;
			compatibilityVersion = "Xcode 9.3";
			developmentRegion = en;
			hasScannedForEncodings = 0;
			knownRegions = (
				en,
				Base,
			);
			mainGroup = D05290EE2151E99E00211C76;
			productRefGroup = D05290F82151E99E00211C76 /* Products */;
			projectDirPath = "";
			projectRoot = "";
			targets = (
				D05290F62151E99E00211C76 /* JRPlayer */,
			);
		};
/* End PBXProject section */

/* Begin PBXResourcesBuildPhase section */
		D05290F52151E99E00211C76 /* Resources */ = {
			isa = PBXResourcesBuildPhase;
			buildActionMask = 2147483647;
			files = (
				D0672796215F92220052575E /* login_forget1.png in Resources */,
				D05291072151E99F00211C76 /* LaunchScreen.storyboard in Resources */,
				D0672777215F92220052575E /* toast_wrong@2x.png in Resources */,
				D0672778215F92220052575E /* login_delet@3x.png in Resources */,
				D0672783215F92220052575E /* login_toast_locationg_spec.png in Resources */,
				D0672786215F92220052575E /* login_keyboard2_spec.png in Resources */,
				D05291272152333300211C76 /* JRMaxBtn@2x.png in Resources */,
				D0672767215F92220052575E /* login_delet_tap@2x.png in Resources */,
				D0672795215F92220052575E /* call.png in Resources */,
				D0672773215F92220052575E /* login_password@2x.png in Resources */,
				D0672775215F92220052575E /* toast_right@3x.png in Resources */,
				D0672780215F92220052575E /* login_iPad控件_spec.png in Resources */,
				D0672776215F92220052575E /* toast_loading@2x.png in Resources */,
				D05291262152333300211C76 /* JRBackBtn@2x.png in Resources */,
				D067276B215F92220052575E /* nav_back_tap@3x.png in Resources */,
				D0672787215F92220052575E /* login_forget1_spec.png in Resources */,
				D0672794215F92220052575E /* login_iPad控件.png in Resources */,
				D05291242152333300211C76 /* JRMinBtn@2x.png in Resources */,
				D067277D215F92220052575E /* toast_loading@3x.png in Resources */,
				D0672766215F92220052575E /* login_forget_success@3x.png in Resources */,
				D0672764215F92220052575E /* nav_back_normal@2x.png in Resources */,
				D0672768215F92220052575E /* login_forget_success@2x.png in Resources */,
				D0672779215F92220052575E /* btn_icon_loding@2x.png in Resources */,
				D05291252152333300211C76 /* JRPauseBtn@2x.png in Resources */,
				D067278A215F92220052575E /* login_toast.png in Resources */,
				D067278D215F92220052575E /* login_message.png in Resources */,
				D0672798215F92220052575E /* login_forget3.png in Resources */,
				D067276D215F92220052575E /* login_user@2x.png in Resources */,
				D067276A215F92220052575E /* nav_back_tap@2x.png in Resources */,
				D0672793215F92220052575E /* login_keyboard2.png in Resources */,
				D0672774215F92220052575E /* login_logo@2x.png in Resources */,
				D0672797215F92220052575E /* login_forget2.png in Resources */,
				D067277B215F92220052575E /* login_delet@2x.png in Resources */,
				D067278E215F92220052575E /* call.png in Resources */,
				D0672769215F92220052575E /* nav_back_normal@3x.png in Resources */,
				D0672765215F92220052575E /* login_delet_tap@3x.png in Resources */,
				D0672781215F92220052575E /* login_toast_spec.png in Resources */,
				D05291232152333300211C76 /* JRRound.png in Resources */,
				D0672788215F92220052575E /* login_keyboard2.png in Resources */,
				D067277C215F92220052575E /* toast_wrong@3x.png in Resources */,
				D067278C215F92220052575E /* login_iPad控件.png in Resources */,
				D067276C215F92220052575E /* login_password@3x.png in Resources */,
				D0672771215F92220052575E /* login_Verification@3x.png in Resources */,
				D067277E215F92220052575E /* toast_right@2x.png in Resources */,
				D0672792215F92220052575E /* login_forget3.png in Resources */,
				D0672791215F92220052575E /* login_forget2.png in Resources */,
				D0672789215F92220052575E /* login_keyboard1.png in Resources */,
				D05291042151E99F00211C76 /* Assets.xcassets in Resources */,
				D067277F215F92220052575E /* login_logo@3x.png in Resources */,
				D0672784215F92220052575E /* login_password_spec.png in Resources */,
				D067276E215F92220052575E /* login_Verification@2x.png in Resources */,
				D0672770215F92220052575E /* toast_warning@3x.png in Resources */,
				D067276F215F92220052575E /* toast_warning@2x.png in Resources */,
				D067277A215F92220052575E /* btn_icon_loding@3x.png in Resources */,
				D0672790215F92220052575E /* login_toast_locationg.png in Resources */,
				D05291222152333300211C76 /* JRPlayBtn@2x.png in Resources */,
				D067278F215F92220052575E /* login_forget1.png in Resources */,
				D0672785215F92220052575E /* call_spec.png in Resources */,
				D0672772215F92220052575E /* login_user@3x.png in Resources */,
				D05291022151E99E00211C76 /* Main.storyboard in Resources */,
				D067278B215F92220052575E /* login_password.png in Resources */,
				D0672782215F92220052575E /* login_keyboard1_spec.png in Resources */,
			);
			runOnlyForDeploymentPostprocessing = 0;
		};
/* End PBXResourcesBuildPhase section */

/* Begin PBXShellScriptBuildPhase section */
		093A3FE2E729F2EACB5AB92A /* [CP] Embed Pods Frameworks */ = {
			isa = PBXShellScriptBuildPhase;
			buildActionMask = 2147483647;
			files = (
			);
			inputPaths = (
				"${SRCROOT}/Pods/Target Support Files/Pods-JRPlayer/Pods-JRPlayer-frameworks.sh",
				"${BUILT_PRODUCTS_DIR}/AFNetworking/AFNetworking.framework",
				"${BUILT_PRODUCTS_DIR}/Masonry/Masonry.framework",
			);
			name = "[CP] Embed Pods Frameworks";
			outputPaths = (
				"${TARGET_BUILD_DIR}/${FRAMEWORKS_FOLDER_PATH}/AFNetworking.framework",
				"${TARGET_BUILD_DIR}/${FRAMEWORKS_FOLDER_PATH}/Masonry.framework",
			);
			runOnlyForDeploymentPostprocessing = 0;
			shellPath = /bin/sh;
			shellScript = "\"${SRCROOT}/Pods/Target Support Files/Pods-JRPlayer/Pods-JRPlayer-frameworks.sh\"\n";
			showEnvVarsInLog = 0;
		};
		8F0E0EC1F6DE98A5C5266E11 /* [CP] Check Pods Manifest.lock */ = {
			isa = PBXShellScriptBuildPhase;
			buildActionMask = 2147483647;
			files = (
			);
			inputPaths = (
				"${PODS_PODFILE_DIR_PATH}/Podfile.lock",
				"${PODS_ROOT}/Manifest.lock",
			);
			name = "[CP] Check Pods Manifest.lock";
			outputPaths = (
				"$(DERIVED_FILE_DIR)/Pods-JRPlayer-checkManifestLockResult.txt",
			);
			runOnlyForDeploymentPostprocessing = 0;
			shellPath = /bin/sh;
			shellScript = "diff \"${PODS_PODFILE_DIR_PATH}/Podfile.lock\" \"${PODS_ROOT}/Manifest.lock\" > /dev/null\nif [ $? != 0 ] ; then\n    # print error to STDERR\n    echo \"error: The sandbox is not in sync with the Podfile.lock. Run 'pod install' or update your CocoaPods installation.\" >&2\n    exit 1\nfi\n# This output is used by Xcode 'outputs' to avoid re-running this script phase.\necho \"SUCCESS\" > \"${SCRIPT_OUTPUT_FILE_0}\"\n";
			showEnvVarsInLog = 0;
		};
/* End PBXShellScriptBuildPhase section */

/* Begin PBXSourcesBuildPhase section */
		D05290F32151E99E00211C76 /* Sources */ = {
			isa = PBXSourcesBuildPhase;
			buildActionMask = 2147483647;
			files = (
				D05290FF2151E99E00211C76 /* ViewController.m in Sources */,
				D05291132151E9ED00211C76 /* JRPlayerView.m in Sources */,
				D052910A2151E99F00211C76 /* main.m in Sources */,
				D05291172151ED3000211C76 /* JRViewCoordinateMacro.m in Sources */,
				D05291F02154BF3400211C76 /* TableViewCell.m in Sources */,
				D05290FC2151E99E00211C76 /* AppDelegate.m in Sources */,
				D052911A21520E6100211C76 /* JRPlayerControlView.m in Sources */,
				D05291ED2154B71100211C76 /* TableViewController.m in Sources */,
			);
			runOnlyForDeploymentPostprocessing = 0;
		};
/* End PBXSourcesBuildPhase section */

/* Begin PBXVariantGroup section */
		D05291002151E99E00211C76 /* Main.storyboard */ = {
			isa = PBXVariantGroup;
			children = (
				D05291012151E99E00211C76 /* Base */,
			);
			name = Main.storyboard;
			sourceTree = "<group>";
		};
		D05291052151E99F00211C76 /* LaunchScreen.storyboard */ = {
			isa = PBXVariantGroup;
			children = (
				D05291062151E99F00211C76 /* Base */,
			);
			name = LaunchScreen.storyboard;
			sourceTree = "<group>";
		};
/* End PBXVariantGroup section */

/* Begin XCBuildConfiguration section */
		D052910B2151E99F00211C76 /* Debug */ = {
			isa = XCBuildConfiguration;
			buildSettings = {
				ALWAYS_SEARCH_USER_PATHS = NO;
				CLANG_ANALYZER_NONNULL = YES;
				CLANG_ANALYZER_NUMBER_OBJECT_CONVERSION = YES_AGGRESSIVE;
				CLANG_CXX_LANGUAGE_STANDARD = "gnu++14";
				CLANG_CXX_LIBRARY = "libc++";
				CLANG_ENABLE_MODULES = YES;
				CLANG_ENABLE_OBJC_ARC = YES;
				CLANG_ENABLE_OBJC_WEAK = YES;
				CLANG_WARN_BLOCK_CAPTURE_AUTORELEASING = YES;
				CLANG_WARN_BOOL_CONVERSION = YES;
				CLANG_WARN_COMMA = YES;
				CLANG_WARN_CONSTANT_CONVERSION = YES;
				CLANG_WARN_DEPRECATED_OBJC_IMPLEMENTATIONS = YES;
				CLANG_WARN_DIRECT_OBJC_ISA_USAGE = YES_ERROR;
				CLANG_WARN_DOCUMENTATION_COMMENTS = YES;
				CLANG_WARN_EMPTY_BODY = YES;
				CLANG_WARN_ENUM_CONVERSION = YES;
				CLANG_WARN_INFINITE_RECURSION = YES;
				CLANG_WARN_INT_CONVERSION = YES;
				CLANG_WARN_NON_LITERAL_NULL_CONVERSION = YES;
				CLANG_WARN_OBJC_IMPLICIT_RETAIN_SELF = YES;
				CLANG_WARN_OBJC_LITERAL_CONVERSION = YES;
				CLANG_WARN_OBJC_ROOT_CLASS = YES_ERROR;
				CLANG_WARN_RANGE_LOOP_ANALYSIS = YES;
				CLANG_WARN_STRICT_PROTOTYPES = YES;
				CLANG_WARN_SUSPICIOUS_MOVE = YES;
				CLANG_WARN_UNGUARDED_AVAILABILITY = YES_AGGRESSIVE;
				CLANG_WARN_UNREACHABLE_CODE = YES;
				CLANG_WARN__DUPLICATE_METHOD_MATCH = YES;
				CODE_SIGN_IDENTITY = "iPhone Developer";
				COPY_PHASE_STRIP = NO;
				DEBUG_INFORMATION_FORMAT = dwarf;
				ENABLE_STRICT_OBJC_MSGSEND = YES;
				ENABLE_TESTABILITY = YES;
				GCC_C_LANGUAGE_STANDARD = gnu11;
				GCC_DYNAMIC_NO_PIC = NO;
				GCC_NO_COMMON_BLOCKS = YES;
				GCC_OPTIMIZATION_LEVEL = 0;
				GCC_PREPROCESSOR_DEFINITIONS = (
					"DEBUG=1",
					"$(inherited)",
				);
				GCC_WARN_64_TO_32_BIT_CONVERSION = YES;
				GCC_WARN_ABOUT_RETURN_TYPE = YES_ERROR;
				GCC_WARN_UNDECLARED_SELECTOR = YES;
				GCC_WARN_UNINITIALIZED_AUTOS = YES_AGGRESSIVE;
				GCC_WARN_UNUSED_FUNCTION = YES;
				GCC_WARN_UNUSED_VARIABLE = YES;
				IPHONEOS_DEPLOYMENT_TARGET = 9.0;
				MTL_ENABLE_DEBUG_INFO = YES;
				ONLY_ACTIVE_ARCH = YES;
				SDKROOT = iphoneos;
			};
			name = Debug;
		};
		D052910C2151E99F00211C76 /* Release */ = {
			isa = XCBuildConfiguration;
			buildSettings = {
				ALWAYS_SEARCH_USER_PATHS = NO;
				CLANG_ANALYZER_NONNULL = YES;
				CLANG_ANALYZER_NUMBER_OBJECT_CONVERSION = YES_AGGRESSIVE;
				CLANG_CXX_LANGUAGE_STANDARD = "gnu++14";
				CLANG_CXX_LIBRARY = "libc++";
				CLANG_ENABLE_MODULES = YES;
				CLANG_ENABLE_OBJC_ARC = YES;
				CLANG_ENABLE_OBJC_WEAK = YES;
				CLANG_WARN_BLOCK_CAPTURE_AUTORELEASING = YES;
				CLANG_WARN_BOOL_CONVERSION = YES;
				CLANG_WARN_COMMA = YES;
				CLANG_WARN_CONSTANT_CONVERSION = YES;
				CLANG_WARN_DEPRECATED_OBJC_IMPLEMENTATIONS = YES;
				CLANG_WARN_DIRECT_OBJC_ISA_USAGE = YES_ERROR;
				CLANG_WARN_DOCUMENTATION_COMMENTS = YES;
				CLANG_WARN_EMPTY_BODY = YES;
				CLANG_WARN_ENUM_CONVERSION = YES;
				CLANG_WARN_INFINITE_RECURSION = YES;
				CLANG_WARN_INT_CONVERSION = YES;
				CLANG_WARN_NON_LITERAL_NULL_CONVERSION = YES;
				CLANG_WARN_OBJC_IMPLICIT_RETAIN_SELF = YES;
				CLANG_WARN_OBJC_LITERAL_CONVERSION = YES;
				CLANG_WARN_OBJC_ROOT_CLASS = YES_ERROR;
				CLANG_WARN_RANGE_LOOP_ANALYSIS = YES;
				CLANG_WARN_STRICT_PROTOTYPES = YES;
				CLANG_WARN_SUSPICIOUS_MOVE = YES;
				CLANG_WARN_UNGUARDED_AVAILABILITY = YES_AGGRESSIVE;
				CLANG_WARN_UNREACHABLE_CODE = YES;
				CLANG_WARN__DUPLICATE_METHOD_MATCH = YES;
				CODE_SIGN_IDENTITY = "iPhone Developer";
				COPY_PHASE_STRIP = NO;
				DEBUG_INFORMATION_FORMAT = "dwarf-with-dsym";
				ENABLE_NS_ASSERTIONS = NO;
				ENABLE_STRICT_OBJC_MSGSEND = YES;
				GCC_C_LANGUAGE_STANDARD = gnu11;
				GCC_NO_COMMON_BLOCKS = YES;
				GCC_WARN_64_TO_32_BIT_CONVERSION = YES;
				GCC_WARN_ABOUT_RETURN_TYPE = YES_ERROR;
				GCC_WARN_UNDECLARED_SELECTOR = YES;
				GCC_WARN_UNINITIALIZED_AUTOS = YES_AGGRESSIVE;
				GCC_WARN_UNUSED_FUNCTION = YES;
				GCC_WARN_UNUSED_VARIABLE = YES;
				IPHONEOS_DEPLOYMENT_TARGET = 9.0;
				MTL_ENABLE_DEBUG_INFO = NO;
				SDKROOT = iphoneos;
				VALIDATE_PRODUCT = YES;
			};
			name = Release;
		};
		D052910E2151E99F00211C76 /* Debug */ = {
			isa = XCBuildConfiguration;
			baseConfigurationReference = 23C6096FB2DE92AB2C4E078E /* Pods-JRPlayer.debug.xcconfig */;
			buildSettings = {
				ASSETCATALOG_COMPILER_APPICON_NAME = AppIcon;
				CODE_SIGN_STYLE = Automatic;
				DEVELOPMENT_TEAM = KC5PAY3DZR;
				INFOPLIST_FILE = JRPlayer/Info.plist;
				LD_RUNPATH_SEARCH_PATHS = (
					"$(inherited)",
					"@executable_path/Frameworks",
				);
				PRODUCT_BUNDLE_IDENTIFIER = org.onesmart.JRPlayer;
				PRODUCT_NAME = "$(TARGET_NAME)";
				TARGETED_DEVICE_FAMILY = "1,2";
			};
			name = Debug;
		};
		D052910F2151E99F00211C76 /* Release */ = {
			isa = XCBuildConfiguration;
			baseConfigurationReference = 7D2DF38053BA7475F1C253E8 /* Pods-JRPlayer.release.xcconfig */;
			buildSettings = {
				ASSETCATALOG_COMPILER_APPICON_NAME = AppIcon;
				CODE_SIGN_STYLE = Automatic;
				DEVELOPMENT_TEAM = KC5PAY3DZR;
				INFOPLIST_FILE = JRPlayer/Info.plist;
				LD_RUNPATH_SEARCH_PATHS = (
					"$(inherited)",
					"@executable_path/Frameworks",
				);
				PRODUCT_BUNDLE_IDENTIFIER = org.onesmart.JRPlayer;
				PRODUCT_NAME = "$(TARGET_NAME)";
				TARGETED_DEVICE_FAMILY = "1,2";
			};
			name = Release;
		};
/* End XCBuildConfiguration section */

/* Begin XCConfigurationList section */
		D05290F22151E99E00211C76 /* Build configuration list for PBXProject "JRPlayer" */ = {
			isa = XCConfigurationList;
			buildConfigurations = (
				D052910B2151E99F00211C76 /* Debug */,
				D052910C2151E99F00211C76 /* Release */,
			);
			defaultConfigurationIsVisible = 0;
			defaultConfigurationName = Release;
		};
		D052910D2151E99F00211C76 /* Build configuration list for PBXNativeTarget "JRPlayer" */ = {
			isa = XCConfigurationList;
			buildConfigurations = (
				D052910E2151E99F00211C76 /* Debug */,
				D052910F2151E99F00211C76 /* Release */,
			);
			defaultConfigurationIsVisible = 0;
			defaultConfigurationName = Release;
		};
/* End XCConfigurationList section */
	};
	rootObject = D05290EF2151E99E00211C76 /* Project object */;
}
